# THIS IS AN AUTOGENERATED FILE. DO NOT EDIT THIS FILE DIRECTLY.
# yarn lockfile v1


react-hook-form@^7.54.2:
  version "7.54.2"
  resolved "https://registry.yarnpkg.com/react-hook-form/-/react-hook-form-7.54.2.tgz#8c26ed54c71628dff57ccd3c074b1dd377cfb211"
  integrity sha512-eHpAUgUjWbZocoQYUHposymRb4ZP6d0uwUnooL2uOybA9/3tPUvoAKqEWK1WaSiTxxOfTpffNZP7QwlnM3/gEg==
